// !$*UTF8*$!
{
	archiveVersion = 1;
	classes = {
	};
	objectVersion = 56;
	objects = {

/* Begin PBXBuildFile section */
		131E381B2BEABD3700F5B8CF /* AppDelegate.swift in Sources */ = {isa = PBXBuildFile; fileRef = 131E381A2BEABD3700F5B8CF /* AppDelegate.swift */; };
		131E381D2BEABD3700F5B8CF /* SceneDelegate.swift in Sources */ = {isa = PBXBuildFile; fileRef = 131E381C2BEABD3700F5B8CF /* SceneDelegate.swift */; };
		131E381F2BEABD3700F5B8CF /* ViewController.swift in Sources */ = {isa = PBXBuildFile; fileRef = 131E381E2BEABD3700F5B8CF /* ViewController.swift */; };
		131E38222BEABD3700F5B8CF /* Main.storyboard in Resources */ = {isa = PBXBuildFile; fileRef = 131E38202BEABD3700F5B8CF /* Main.storyboard */; };
		131E38242BEABD3800F5B8CF /* Assets.xcassets in Resources */ = {isa = PBXBuildFile; fileRef = 131E38232BEABD3800F5B8CF /* Assets.xcassets */; };
		131E38272BEABD3800F5B8CF /* LaunchScreen.storyboard in Resources */ = {isa = PBXBuildFile; fileRef = 131E38252BEABD3800F5B8CF /* LaunchScreen.storyboard */; };
		131E382F2BEABD7700F5B8CF /* Model.swift in Sources */ = {isa = PBXBuildFile; fileRef = 131E382E2BEABD7700F5B8CF /* Model.swift */; };
		131E38312BEABDD300F5B8CF /* Response.swift in Sources */ = {isa = PBXBuildFile; fileRef = 131E38302BEABDD300F5B8CF /* Response.swift */; };
		131E38332BEABDEA00F5B8CF /* Video.swift in Sources */ = {isa = PBXBuildFile; fileRef = 131E38322BEABDEA00F5B8CF /* Video.swift */; };
		131E38352BEABDFD00F5B8CF /* Constants.swift in Sources */ = {isa = PBXBuildFile; fileRef = 131E38342BEABDFD00F5B8CF /* Constants.swift */; };
/* End PBXBuildFile section */

/* Begin PBXFileReference section */
		131E38172BEABD3700F5B8CF /* youtube-mini-clone.app */ = {isa = PBXFileReference; explicitFileType = wrapper.application; includeInIndex = 0; path = "youtube-mini-clone.app"; sourceTree = BUILT_PRODUCTS_DIR; };
		131E381A2BEABD3700F5B8CF /* AppDelegate.swift */ = {isa = PBXFileReference; lastKnownFileType = sourcecode.swift; path = AppDelegate.swift; sourceTree = "<group>"; };
		131E381C2BEABD3700F5B8CF /* SceneDelegate.swift */ = {isa = PBXFileReference; lastKnownFileType = sourcecode.swift; path = SceneDelegate.swift; sourceTree = "<group>"; };
		131E381E2BEABD3700F5B8CF /* ViewController.swift */ = {isa = PBXFileReference; lastKnownFileType = sourcecode.swift; path = ViewController.swift; sourceTree = "<group>"; };
		131E38212BEABD3700F5B8CF /* Base */ = {isa = PBXFileReference; lastKnownFileType = file.storyboard; name = Base; path = Base.lproj/Main.storyboard; sourceTree = "<group>"; };
		131E38232BEABD3800F5B8CF /* Assets.xcassets */ = {isa = PBXFileReference; lastKnownFileType = folder.assetcatalog; path = Assets.xcassets; sourceTree = "<group>"; };
		131E38262BEABD3800F5B8CF /* Base */ = {isa = PBXFileReference; lastKnownFileType = file.storyboard; name = Base; path = Base.lproj/LaunchScreen.storyboard; sourceTree = "<group>"; };
		131E38282BEABD3800F5B8CF /* Info.plist */ = {isa = PBXFileReference; lastKnownFileType = text.plist.xml; path = Info.plist; sourceTree = "<group>"; };
		131E382E2BEABD7700F5B8CF /* Model.swift */ = {isa = PBXFileReference; lastKnownFileType = sourcecode.swift; path = Model.swift; sourceTree = "<group>"; };
		131E38302BEABDD300F5B8CF /* Response.swift */ = {isa = PBXFileReference; lastKnownFileType = sourcecode.swift; path = Response.swift; sourceTree = "<group>"; };
		131E38322BEABDEA00F5B8CF /* Video.swift */ = {isa = PBXFileReference; lastKnownFileType = sourcecode.swift; path = Video.swift; sourceTree = "<group>"; };
		131E38342BEABDFD00F5B8CF /* Constants.swift */ = {isa = PBXFileReference; lastKnownFileType = sourcecode.swift; path = Constants.swift; sourceTree = "<group>"; };
/* End PBXFileReference section */

/* Begin PBXFrameworksBuildPhase section */
		131E38142BEABD3700F5B8CF /* Frameworks */ = {
			isa = PBXFrameworksBuildPhase;
			buildActionMask = 2147483647;
			files = (
			);
			runOnlyForDeploymentPostprocessing = 0;
		};
/* End PBXFrameworksBuildPhase section */

/* Begin PBXGroup section */
		131E380E2BEABD3700F5B8CF = {
			isa = PBXGroup;
			children = (
				131E38192BEABD3700F5B8CF /* youtube-mini-clone */,
				131E38182BEABD3700F5B8CF /* Products */,
			);
			sourceTree = "<group>";
		};
		131E38182BEABD3700F5B8CF /* Products */ = {
			isa = PBXGroup;
			children = (
				131E38172BEABD3700F5B8CF /* youtube-mini-clone.app */,
			);
			name = Products;
			sourceTree = "<group>";
		};
		131E38192BEABD3700F5B8CF /* youtube-mini-clone */ = {
			isa = PBXGroup;
			children = (
				131E381A2BEABD3700F5B8CF /* AppDelegate.swift */,
				131E381C2BEABD3700F5B8CF /* SceneDelegate.swift */,
				131E381E2BEABD3700F5B8CF /* ViewController.swift */,
				131E38202BEABD3700F5B8CF /* Main.storyboard */,
				131E38232BEABD3800F5B8CF /* Assets.xcassets */,
				131E38252BEABD3800F5B8CF /* LaunchScreen.storyboard */,
				131E38282BEABD3800F5B8CF /* Info.plist */,
				131E382E2BEABD7700F5B8CF /* Model.swift */,
				131E38302BEABDD300F5B8CF /* Response.swift */,
				131E38322BEABDEA00F5B8CF /* Video.swift */,
				131E38342BEABDFD00F5B8CF /* Constants.swift */,
			);
			path = "youtube-mini-clone";
			sourceTree = "<group>";
		};
/* End PBXGroup section */

/* Begin PBXNativeTarget section */
		131E38162BEABD3700F5B8CF /* youtube-mini-clone */ = {
			isa = PBXNativeTarget;
			buildConfigurationList = 131E382B2BEABD3800F5B8CF /* Build configuration list for PBXNativeTarget "youtube-mini-clone" */;
			buildPhases = (
				131E38132BEABD3700F5B8CF /* Sources */,
				131E38142BEABD3700F5B8CF /* Frameworks */,
				131E38152BEABD3700F5B8CF /* Resources */,
			);
			buildRules = (
			);
			dependencies = (
			);
			name = "youtube-mini-clone";
			productName = "youtube-mini-clone";
			productReference = 131E38172BEABD3700F5B8CF /* youtube-mini-clone.app */;
			productType = "com.apple.product-type.application";
		};
/* End PBXNativeTarget section */

/* Begin PBXProject section */
		131E380F2BEABD3700F5B8CF /* Project object */ = {
			isa = PBXProject;
			attributes = {
				BuildIndependentTargetsInParallel = 1;
				LastSwiftUpdateCheck = 1430;
				LastUpgradeCheck = 1430;
				TargetAttributes = {
					131E38162BEABD3700F5B8CF = {
						CreatedOnToolsVersion = 14.3;
					};
				};
			};
			buildConfigurationList = 131E38122BEABD3700F5B8CF /* Build configuration list for PBXProject "youtube-mini-clone" */;
			compatibilityVersion = "Xcode 14.0";
			developmentRegion = en;
			hasScannedForEncodings = 0;
			knownRegions = (
				en,
				Base,
			);
			mainGroup = 131E380E2BEABD3700F5B8CF;
			productRefGroup = 131E38182BEABD3700F5B8CF /* Products */;
			projectDirPath = "";
			projectRoot = "";
			targets = (
				131E38162BEABD3700F5B8CF /* youtube-mini-clone */,
			);
		};
/* End PBXProject section */

/* Begin PBXResourcesBuildPhase section */
		131E38152BEABD3700F5B8CF /* Resources */ = {
			isa = PBXResourcesBuildPhase;
			buildActionMask = 2147483647;
			files = (
				131E38272BEABD3800F5B8CF /* LaunchScreen.storyboard in Resources */,
				131E38242BEABD3800F5B8CF /* Assets.xcassets in Resources */,
				131E38222BEABD3700F5B8CF /* Main.storyboard in Resources */,
			);
			runOnlyForDeploymentPostprocessing = 0;
		};
/* End PBXResourcesBuildPhase section */

/* Begin PBXSourcesBuildPhase section */
		131E38132BEABD3700F5B8CF /* Sources */ = {
			isa = PBXSourcesBuildPhase;
			buildActionMask = 2147483647;
			files = (
				131E381F2BEABD3700F5B8CF /* ViewController.swift in Sources */,
				131E38332BEABDEA00F5B8CF /* Video.swift in Sources */,
				131E381B2BEABD3700F5B8CF /* AppDelegate.swift in Sources */,
				131E381D2BEABD3700F5B8CF /* SceneDelegate.swift in Sources */,
				131E38352BEABDFD00F5B8CF /* Constants.swift in Sources */,
				131E382F2BEABD7700F5B8CF /* Model.swift in Sources */,
				131E38312BEABDD300F5B8CF /* Response.swift in Sources */,
			);
			runOnlyForDeploymentPostprocessing = 0;
		};
/* End PBXSourcesBuildPhase section */

/* Begin PBXVariantGroup section */
		131E38202BEABD3700F5B8CF /* Main.storyboard */ = {
			isa = PBXVariantGroup;
			children = (
				131E38212BEABD3700F5B8CF /* Base */,
			);
			name = Main.storyboard;
			sourceTree = "<group>";
		};
		131E38252BEABD3800F5B8CF /* LaunchScreen.storyboard */ = {
			isa = PBXVariantGroup;
			children = (
				131E38262BEABD3800F5B8CF /* Base */,
			);
			name = LaunchScreen.storyboard;
			sourceTree = "<group>";
		};
/* End PBXVariantGroup section */

/* Begin XCBuildConfiguration section */
		131E38292BEABD3800F5B8CF /* Debug */ = {
			isa = XCBuildConfiguration;
			buildSettings = {
				ALWAYS_SEARCH_USER_PATHS = NO;
				CLANG_ANALYZER_NONNULL = YES;
				CLANG_ANALYZER_NUMBER_OBJECT_CONVERSION = YES_AGGRESSIVE;
				CLANG_CXX_LANGUAGE_STANDARD = "gnu++20";
				CLANG_ENABLE_MODULES = YES;
				CLANG_ENABLE_OBJC_ARC = YES;
				CLANG_ENABLE_OBJC_WEAK = YES;
				CLANG_WARN_BLOCK_CAPTURE_AUTORELEASING = YES;
				CLANG_WARN_BOOL_CONVERSION = YES;
				CLANG_WARN_COMMA = YES;
				CLANG_WARN_CONSTANT_CONVERSION = YES;
				CLANG_WARN_DEPRECATED_OBJC_IMPLEMENTATIONS = YES;
				CLANG_WARN_DIRECT_OBJC_ISA_USAGE = YES_ERROR;
				CLANG_WARN_DOCUMENTATION_COMMENTS = YES;
				CLANG_WARN_EMPTY_BODY = YES;
				CLANG_WARN_ENUM_CONVERSION = YES;
				CLANG_WARN_INFINITE_RECURSION = YES;
				CLANG_WARN_INT_CONVERSION = YES;
				CLANG_WARN_NON_LITERAL_NULL_CONVERSION = YES;
				CLANG_WARN_OBJC_IMPLICIT_RETAIN_SELF = YES;
				CLANG_WARN_OBJC_LITERAL_CONVERSION = YES;
				CLANG_WARN_OBJC_ROOT_CLASS = YES_ERROR;
				CLANG_WARN_QUOTED_INCLUDE_IN_FRAMEWORK_HEADER = YES;
				CLANG_WARN_RANGE_LOOP_ANALYSIS = YES;
				CLANG_WARN_STRICT_PROTOTYPES = YES;
				CLANG_WARN_SUSPICIOUS_MOVE = YES;
				CLANG_WARN_UNGUARDED_AVAILABILITY = YES_AGGRESSIVE;
				CLANG_WARN_UNREACHABLE_CODE = YES;
				CLANG_WARN__DUPLICATE_METHOD_MATCH = YES;
				COPY_PHASE_STRIP = NO;
				DEBUG_INFORMATION_FORMAT = dwarf;
				ENABLE_STRICT_OBJC_MSGSEND = YES;
				ENABLE_TESTABILITY = YES;
				GCC_C_LANGUAGE_STANDARD = gnu11;
				GCC_DYNAMIC_NO_PIC = NO;
				GCC_NO_COMMON_BLOCKS = YES;
				GCC_OPTIMIZATION_LEVEL = 0;
				GCC_PREPROCESSOR_DEFINITIONS = (
					"DEBUG=1",
					"$(inherited)",
				);
				GCC_WARN_64_TO_32_BIT_CONVERSION = YES;
				GCC_WARN_ABOUT_RETURN_TYPE = YES_ERROR;
				GCC_WARN_UNDECLARED_SELECTOR = YES;
				GCC_WARN_UNINITIALIZED_AUTOS = YES_AGGRESSIVE;
				GCC_WARN_UNUSED_FUNCTION = YES;
				GCC_WARN_UNUSED_VARIABLE = YES;
				IPHONEOS_DEPLOYMENT_TARGET = 16.4;
				MTL_ENABLE_DEBUG_INFO = INCLUDE_SOURCE;
				MTL_FAST_MATH = YES;
				ONLY_ACTIVE_ARCH = YES;
				SDKROOT = iphoneos;
				SWIFT_ACTIVE_COMPILATION_CONDITIONS = DEBUG;
				SWIFT_OPTIMIZATION_LEVEL = "-Onone";
			};
			name = Debug;
		};
		131E382A2BEABD3800F5B8CF /* Release */ = {
			isa = XCBuildConfiguration;
			buildSettings = {
				ALWAYS_SEARCH_USER_PATHS = NO;
				CLANG_ANALYZER_NONNULL = YES;
				CLANG_ANALYZER_NUMBER_OBJECT_CONVERSION = YES_AGGRESSIVE;
				CLANG_CXX_LANGUAGE_STANDARD = "gnu++20";
				CLANG_ENABLE_MODULES = YES;
				CLANG_ENABLE_OBJC_ARC = YES;
				CLANG_ENABLE_OBJC_WEAK = YES;
				CLANG_WARN_BLOCK_CAPTURE_AUTORELEASING = YES;
				CLANG_WARN_BOOL_CONVERSION = YES;
				CLANG_WARN_COMMA = YES;
				CLANG_WARN_CONSTANT_CONVERSION = YES;
				CLANG_WARN_DEPRECATED_OBJC_IMPLEMENTATIONS = YES;
				CLANG_WARN_DIRECT_OBJC_ISA_USAGE = YES_ERROR;
				CLANG_WARN_DOCUMENTATION_COMMENTS = YES;
				CLANG_WARN_EMPTY_BODY = YES;
				CLANG_WARN_ENUM_CONVERSION = YES;
				CLANG_WARN_INFINITE_RECURSION = YES;
				CLANG_WARN_INT_CONVERSION = YES;
				CLANG_WARN_NON_LITERAL_NULL_CONVERSION = YES;
				CLANG_WARN_OBJC_IMPLICIT_RETAIN_SELF = YES;
				CLANG_WARN_OBJC_LITERAL_CONVERSION = YES;
				CLANG_WARN_OBJC_ROOT_CLASS = YES_ERROR;
				CLANG_WARN_QUOTED_INCLUDE_IN_FRAMEWORK_HEADER = YES;
				CLANG_WARN_RANGE_LOOP_ANALYSIS = YES;
				CLANG_WARN_STRICT_PROTOTYPES = YES;
				CLANG_WARN_SUSPICIOUS_MOVE = YES;
				CLANG_WARN_UNGUARDED_AVAILABILITY = YES_AGGRESSIVE;
				CLANG_WARN_UNREACHABLE_CODE = YES;
				CLANG_WARN__DUPLICATE_METHOD_MATCH = YES;
				COPY_PHASE_STRIP = NO;
				DEBUG_INFORMATION_FORMAT = "dwarf-with-dsym";
				ENABLE_NS_ASSERTIONS = NO;
				ENABLE_STRICT_OBJC_MSGSEND = YES;
				GCC_C_LANGUAGE_STANDARD = gnu11;
				GCC_NO_COMMON_BLOCKS = YES;
				GCC_WARN_64_TO_32_BIT_CONVERSION = YES;
				GCC_WARN_ABOUT_RETURN_TYPE = YES_ERROR;
				GCC_WARN_UNDECLARED_SELECTOR = YES;
				GCC_WARN_UNINITIALIZED_AUTOS = YES_AGGRESSIVE;
				GCC_WARN_UNUSED_FUNCTION = YES;
				GCC_WARN_UNUSED_VARIABLE = YES;
				IPHONEOS_DEPLOYMENT_TARGET = 16.4;
				MTL_ENABLE_DEBUG_INFO = NO;
				MTL_FAST_MATH = YES;
				SDKROOT = iphoneos;
				SWIFT_COMPILATION_MODE = wholemodule;
				SWIFT_OPTIMIZATION_LEVEL = "-O";
				VALIDATE_PRODUCT = YES;
			};
			name = Release;
		};
		131E382C2BEABD3800F5B8CF /* Debug */ = {
			isa = XCBuildConfiguration;
			buildSettings = {
				ASSETCATALOG_COMPILER_APPICON_NAME = AppIcon;
				ASSETCATALOG_COMPILER_GLOBAL_ACCENT_COLOR_NAME = AccentColor;
				CODE_SIGN_STYLE = Automatic;
				CURRENT_PROJECT_VERSION = 1;
				GENERATE_INFOPLIST_FILE = YES;
				INFOPLIST_FILE = "youtube-mini-clone/Info.plist";
				INFOPLIST_KEY_UIApplicationSupportsIndirectInputEvents = YES;
				INFOPLIST_KEY_UILaunchStoryboardName = LaunchScreen;
				INFOPLIST_KEY_UIMainStoryboardFile = Main;
				INFOPLIST_KEY_UISupportedInterfaceOrientations_iPad = "UIInterfaceOrientationPortrait UIInterfaceOrientationPortraitUpsideDown UIInterfaceOrientationLandscapeLeft UIInterfaceOrientationLandscapeRight";
				INFOPLIST_KEY_UISupportedInterfaceOrientations_iPhone = "UIInterfaceOrientationPortrait UIInterfaceOrientationLandscapeLeft UIInterfaceOrientationLandscapeRight";
				LD_RUNPATH_SEARCH_PATHS = (
					"$(inherited)",
					"@executable_path/Frameworks",
				);
				MARKETING_VERSION = 1.0;
				PRODUCT_BUNDLE_IDENTIFIER = "com.amartanveer.youtube-mini-clone";
				PRODUCT_NAME = "$(TARGET_NAME)";
				SWIFT_EMIT_LOC_STRINGS = YES;
				SWIFT_VERSION = 5.0;
				TARGETED_DEVICE_FAMILY = "1,2";
			};
			name = Debug;
		};
		131E382D2BEABD3800F5B8CF /* Release */ = {
			isa = XCBuildConfiguration;
			buildSettings = {
				ASSETCATALOG_COMPILER_APPICON_NAME = AppIcon;
				ASSETCATALOG_COMPILER_GLOBAL_ACCENT_COLOR_NAME = AccentColor;
				CODE_SIGN_STYLE = Automatic;
				CURRENT_PROJECT_VERSION = 1;
				GENERATE_INFOPLIST_FILE = YES;
				INFOPLIST_FILE = "youtube-mini-clone/Info.plist";
				INFOPLIST_KEY_UIApplicationSupportsIndirectInputEvents = YES;
				INFOPLIST_KEY_UILaunchStoryboardName = LaunchScreen;
				INFOPLIST_KEY_UIMainStoryboardFile = Main;
				INFOPLIST_KEY_UISupportedInterfaceOrientations_iPad = "UIInterfaceOrientationPortrait UIInterfaceOrientationPortraitUpsideDown UIInterfaceOrientationLandscapeLeft UIInterfaceOrientationLandscapeRight";
				INFOPLIST_KEY_UISupportedInterfaceOrientations_iPhone = "UIInterfaceOrientationPortrait UIInterfaceOrientationLandscapeLeft UIInterfaceOrientationLandscapeRight";
				LD_RUNPATH_SEARCH_PATHS = (
					"$(inherited)",
					"@executable_path/Frameworks",
				);
				MARKETING_VERSION = 1.0;
				PRODUCT_BUNDLE_IDENTIFIER = "com.amartanveer.youtube-mini-clone";
				PRODUCT_NAME = "$(TARGET_NAME)";
				SWIFT_EMIT_LOC_STRINGS = YES;
				SWIFT_VERSION = 5.0;
				TARGETED_DEVICE_FAMILY = "1,2";
			};
			name = Release;
		};
/* End XCBuildConfiguration section */

/* Begin XCConfigurationList section */
		131E38122BEABD3700F5B8CF /* Build configuration list for PBXProject "youtube-mini-clone" */ = {
			isa = XCConfigurationList;
			buildConfigurations = (
				131E38292BEABD3800F5B8CF /* Debug */,
				131E382A2BEABD3800F5B8CF /* Release */,
			);
			defaultConfigurationIsVisible = 0;
			defaultConfigurationName = Release;
		};
		131E382B2BEABD3800F5B8CF /* Build configuration list for PBXNativeTarget "youtube-mini-clone" */ = {
			isa = XCConfigurationList;
			buildConfigurations = (
				131E382C2BEABD3800F5B8CF /* Debug */,
				131E382D2BEABD3800F5B8CF /* Release */,
			);
			defaultConfigurationIsVisible = 0;
			defaultConfigurationName = Release;
		};
/* End XCConfigurationList section */
	};
	rootObject = 131E380F2BEABD3700F5B8CF /* Project object */;
}
